// !$*UTF8*$!
{
	archiveVersion = 1;
	classes = {
	};
	objectVersion = 48;
	objects = {

/* Begin PBXBuildFile section */
		496461651FA0F9030004F1BD /* MobileDetailTableViewCell.swift in Sources */ = {isa = PBXBuildFile; fileRef = 496461631FA0F9030004F1BD /* MobileDetailTableViewCell.swift */; };
		496461661FA0F9030004F1BD /* MobileDetailTableViewCell.xib in Resources */ = {isa = PBXBuildFile; fileRef = 496461641FA0F9030004F1BD /* MobileDetailTableViewCell.xib */; };
		496461691FA0F92B0004F1BD /* MobileGallaryCollectionViewCell.swift in Sources */ = {isa = PBXBuildFile; fileRef = 496461671FA0F92B0004F1BD /* MobileGallaryCollectionViewCell.swift */; };
		4964616A1FA0F92B0004F1BD /* MobileGallaryCollectionViewCell.xib in Resources */ = {isa = PBXBuildFile; fileRef = 496461681FA0F92B0004F1BD /* MobileGallaryCollectionViewCell.xib */; };
		4964616C1FA0F9690004F1BD /* MobileDetailViewController.swift in Sources */ = {isa = PBXBuildFile; fileRef = 4964616B1FA0F9690004F1BD /* MobileDetailViewController.swift */; };
		496461731FA0F9FD0004F1BD /* MobileAccessoriesCollectionViewCell.swift in Sources */ = {isa = PBXBuildFile; fileRef = 496461711FA0F9FD0004F1BD /* MobileAccessoriesCollectionViewCell.swift */; };
		496461741FA0F9FD0004F1BD /* MobileAccessoriesCollectionViewCell.xib in Resources */ = {isa = PBXBuildFile; fileRef = 496461721FA0F9FD0004F1BD /* MobileAccessoriesCollectionViewCell.xib */; };
		496461751FA0FA620004F1BD /* RajaColours.swift in Sources */ = {isa = PBXBuildFile; fileRef = 49659B471FA0F1E700543D1C /* RajaColours.swift */; };
		496461761FA0FA650004F1BD /* UIViewExtension.swift in Sources */ = {isa = PBXBuildFile; fileRef = 49659B481FA0F1F800543D1C /* UIViewExtension.swift */; };
		496461771FA0FA680004F1BD /* CachingKeys.swift in Sources */ = {isa = PBXBuildFile; fileRef = 49659B491FA0F20600543D1C /* CachingKeys.swift */; };
		496461781FA0FA6F0004F1BD /* Accessories.swift in Sources */ = {isa = PBXBuildFile; fileRef = 496461561FA0F7C70004F1BD /* Accessories.swift */; };
		496461791FA0FA6F0004F1BD /* Accessory.swift in Sources */ = {isa = PBXBuildFile; fileRef = 496461571FA0F7C70004F1BD /* Accessory.swift */; };
		4964617A1FA0FA6F0004F1BD /* Mobile.swift in Sources */ = {isa = PBXBuildFile; fileRef = 496461591FA0F7CE0004F1BD /* Mobile.swift */; };
		4964617B1FA0FA6F0004F1BD /* Mobiles.swift in Sources */ = {isa = PBXBuildFile; fileRef = 496461581FA0F7CE0004F1BD /* Mobiles.swift */; };
		4964617C1FA0FA6F0004F1BD /* Offer.swift in Sources */ = {isa = PBXBuildFile; fileRef = 4964615A1FA0F7D60004F1BD /* Offer.swift */; };
		4964617D1FA0FA6F0004F1BD /* Offers.swift in Sources */ = {isa = PBXBuildFile; fileRef = 4964615B1FA0F7D60004F1BD /* Offers.swift */; };
		4964618B1FA0FCD30004F1BD /* HomeCollectionViewCell.xib in Resources */ = {isa = PBXBuildFile; fileRef = 496461891FA0FCD30004F1BD /* HomeCollectionViewCell.xib */; };
		4964618D1FA0FE570004F1BD /* HomeCollectionViewCell.swift in Sources */ = {isa = PBXBuildFile; fileRef = 4964618C1FA0FE570004F1BD /* HomeCollectionViewCell.swift */; };
		4964618F1FA0FF750004F1BD /* ItemsListViewController.swift in Sources */ = {isa = PBXBuildFile; fileRef = 4964618E1FA0FF750004F1BD /* ItemsListViewController.swift */; };
		496461971FA100200004F1BD /* SideMenuViewController.swift in Sources */ = {isa = PBXBuildFile; fileRef = 496461961FA100200004F1BD /* SideMenuViewController.swift */; };
		496461981FA1006F0004F1BD /* ExpandTableViewCell.swift in Sources */ = {isa = PBXBuildFile; fileRef = 496461921FA0FFE50004F1BD /* ExpandTableViewCell.swift */; };
		496461991FA100720004F1BD /* SideMenuTableViewCell.swift in Sources */ = {isa = PBXBuildFile; fileRef = 496461941FA0FFE50004F1BD /* SideMenuTableViewCell.swift */; };
		4964619E1FA100C70004F1BD /* BottomBarCollectionViewCell.swift in Sources */ = {isa = PBXBuildFile; fileRef = 4964619C1FA100BF0004F1BD /* BottomBarCollectionViewCell.swift */; };
		496461A01FA100ED0004F1BD /* HomeDashboardViewController.swift in Sources */ = {isa = PBXBuildFile; fileRef = 4964619F1FA100ED0004F1BD /* HomeDashboardViewController.swift */; };
		496461A41FA1020D0004F1BD /* RootViewController.swift in Sources */ = {isa = PBXBuildFile; fileRef = 496461A31FA1020D0004F1BD /* RootViewController.swift */; };
		496461A51FA1024D0004F1BD /* SideMenuTableViewCell.xib in Resources */ = {isa = PBXBuildFile; fileRef = 496461951FA0FFE50004F1BD /* SideMenuTableViewCell.xib */; };
		496461A61FA102530004F1BD /* ExpandTableViewCell.xib in Resources */ = {isa = PBXBuildFile; fileRef = 496461931FA0FFE50004F1BD /* ExpandTableViewCell.xib */; };
		496461A71FA1025A0004F1BD /* BottomBarCollectionViewCell.xib in Resources */ = {isa = PBXBuildFile; fileRef = 4964619D1FA100BF0004F1BD /* BottomBarCollectionViewCell.xib */; };
		49659B2E1FA0F0CC00543D1C /* AppDelegate.swift in Sources */ = {isa = PBXBuildFile; fileRef = 49659B2D1FA0F0CC00543D1C /* AppDelegate.swift */; };
		49659B331FA0F0CC00543D1C /* Main.storyboard in Resources */ = {isa = PBXBuildFile; fileRef = 49659B311FA0F0CC00543D1C /* Main.storyboard */; };
		49659B351FA0F0CC00543D1C /* Assets.xcassets in Resources */ = {isa = PBXBuildFile; fileRef = 49659B341FA0F0CC00543D1C /* Assets.xcassets */; };
		49659B381FA0F0CC00543D1C /* LaunchScreen.storyboard in Resources */ = {isa = PBXBuildFile; fileRef = 49659B361FA0F0CC00543D1C /* LaunchScreen.storyboard */; };
		49A2DFD41FA107B000DC2C2A /* APIEndPoints.swift in Sources */ = {isa = PBXBuildFile; fileRef = 49A2DFD31FA1079F00DC2C2A /* APIEndPoints.swift */; };
		49A2DFD51FA107B000DC2C2A /* Connection.swift in Sources */ = {isa = PBXBuildFile; fileRef = 49A2DFD11FA1079F00DC2C2A /* Connection.swift */; };
		49A2DFD61FA107B000DC2C2A /* ConnectionDelegates.swift in Sources */ = {isa = PBXBuildFile; fileRef = 49A2DFD21FA1079F00DC2C2A /* ConnectionDelegates.swift */; };
		49A2DFD71FA107F600DC2C2A /* SWRevealViewController.h in Sources */ = {isa = PBXBuildFile; fileRef = 49A2DFCF1FA1067F00DC2C2A /* SWRevealViewController.h */; };
		49A2DFD81FA107F600DC2C2A /* SWRevealViewController.m in Sources */ = {isa = PBXBuildFile; fileRef = 49A2DFD01FA1067F00DC2C2A /* SWRevealViewController.m */; };
		49A2DFD91FA107F600DC2C2A /* RajaTec-Bridging-Header.h in Sources */ = {isa = PBXBuildFile; fileRef = 49A2DFCE1FA1067E00DC2C2A /* RajaTec-Bridging-Header.h */; };
		9A5B93211139DE01B446F8F2 /* Pods_RajaTec.framework in Frameworks */ = {isa = PBXBuildFile; fileRef = 5E5A518C13163D8912EC8452 /* Pods_RajaTec.framework */; };
/* End PBXBuildFile section */

/* Begin PBXFileReference section */
		496461561FA0F7C70004F1BD /* Accessories.swift */ = {isa = PBXFileReference; lastKnownFileType = sourcecode.swift; path = Accessories.swift; sourceTree = "<group>"; };
		496461571FA0F7C70004F1BD /* Accessory.swift */ = {isa = PBXFileReference; lastKnownFileType = sourcecode.swift; path = Accessory.swift; sourceTree = "<group>"; };
		496461581FA0F7CE0004F1BD /* Mobiles.swift */ = {isa = PBXFileReference; lastKnownFileType = sourcecode.swift; path = Mobiles.swift; sourceTree = "<group>"; };
		496461591FA0F7CE0004F1BD /* Mobile.swift */ = {isa = PBXFileReference; lastKnownFileType = sourcecode.swift; path = Mobile.swift; sourceTree = "<group>"; };
		4964615A1FA0F7D60004F1BD /* Offer.swift */ = {isa = PBXFileReference; lastKnownFileType = sourcecode.swift; path = Offer.swift; sourceTree = "<group>"; };
		4964615B1FA0F7D60004F1BD /* Offers.swift */ = {isa = PBXFileReference; lastKnownFileType = sourcecode.swift; path = Offers.swift; sourceTree = "<group>"; };
		496461631FA0F9030004F1BD /* MobileDetailTableViewCell.swift */ = {isa = PBXFileReference; lastKnownFileType = sourcecode.swift; path = MobileDetailTableViewCell.swift; sourceTree = "<group>"; };
		496461641FA0F9030004F1BD /* MobileDetailTableViewCell.xib */ = {isa = PBXFileReference; lastKnownFileType = file.xib; path = MobileDetailTableViewCell.xib; sourceTree = "<group>"; };
		496461671FA0F92B0004F1BD /* MobileGallaryCollectionViewCell.swift */ = {isa = PBXFileReference; lastKnownFileType = sourcecode.swift; path = MobileGallaryCollectionViewCell.swift; sourceTree = "<group>"; };
		496461681FA0F92B0004F1BD /* MobileGallaryCollectionViewCell.xib */ = {isa = PBXFileReference; lastKnownFileType = file.xib; path = MobileGallaryCollectionViewCell.xib; sourceTree = "<group>"; };
		4964616B1FA0F9690004F1BD /* MobileDetailViewController.swift */ = {isa = PBXFileReference; lastKnownFileType = sourcecode.swift; path = MobileDetailViewController.swift; sourceTree = "<group>"; };
		496461711FA0F9FD0004F1BD /* MobileAccessoriesCollectionViewCell.swift */ = {isa = PBXFileReference; lastKnownFileType = sourcecode.swift; path = MobileAccessoriesCollectionViewCell.swift; sourceTree = "<group>"; };
		496461721FA0F9FD0004F1BD /* MobileAccessoriesCollectionViewCell.xib */ = {isa = PBXFileReference; lastKnownFileType = file.xib; path = MobileAccessoriesCollectionViewCell.xib; sourceTree = "<group>"; };
		496461891FA0FCD30004F1BD /* HomeCollectionViewCell.xib */ = {isa = PBXFileReference; lastKnownFileType = file.xib; path = HomeCollectionViewCell.xib; sourceTree = "<group>"; };
		4964618C1FA0FE570004F1BD /* HomeCollectionViewCell.swift */ = {isa = PBXFileReference; lastKnownFileType = sourcecode.swift; path = HomeCollectionViewCell.swift; sourceTree = "<group>"; };
		4964618E1FA0FF750004F1BD /* ItemsListViewController.swift */ = {isa = PBXFileReference; lastKnownFileType = sourcecode.swift; path = ItemsListViewController.swift; sourceTree = "<group>"; };
		496461921FA0FFE50004F1BD /* ExpandTableViewCell.swift */ = {isa = PBXFileReference; lastKnownFileType = sourcecode.swift; path = ExpandTableViewCell.swift; sourceTree = "<group>"; };
		496461931FA0FFE50004F1BD /* ExpandTableViewCell.xib */ = {isa = PBXFileReference; lastKnownFileType = file.xib; path = ExpandTableViewCell.xib; sourceTree = "<group>"; };
		496461941FA0FFE50004F1BD /* SideMenuTableViewCell.swift */ = {isa = PBXFileReference; lastKnownFileType = sourcecode.swift; path = SideMenuTableViewCell.swift; sourceTree = "<group>"; };
		496461951FA0FFE50004F1BD /* SideMenuTableViewCell.xib */ = {isa = PBXFileReference; lastKnownFileType = file.xib; path = SideMenuTableViewCell.xib; sourceTree = "<group>"; };
		496461961FA100200004F1BD /* SideMenuViewController.swift */ = {isa = PBXFileReference; lastKnownFileType = sourcecode.swift; path = SideMenuViewController.swift; sourceTree = "<group>"; };
		4964619C1FA100BF0004F1BD /* BottomBarCollectionViewCell.swift */ = {isa = PBXFileReference; lastKnownFileType = sourcecode.swift; path = BottomBarCollectionViewCell.swift; sourceTree = "<group>"; };
		4964619D1FA100BF0004F1BD /* BottomBarCollectionViewCell.xib */ = {isa = PBXFileReference; lastKnownFileType = file.xib; path = BottomBarCollectionViewCell.xib; sourceTree = "<group>"; };
		4964619F1FA100ED0004F1BD /* HomeDashboardViewController.swift */ = {isa = PBXFileReference; lastKnownFileType = sourcecode.swift; path = HomeDashboardViewController.swift; sourceTree = "<group>"; };
		496461A31FA1020D0004F1BD /* RootViewController.swift */ = {isa = PBXFileReference; lastKnownFileType = sourcecode.swift; path = RootViewController.swift; sourceTree = "<group>"; };
		49659B2A1FA0F0CC00543D1C /* RajaTec.app */ = {isa = PBXFileReference; explicitFileType = wrapper.application; includeInIndex = 0; path = RajaTec.app; sourceTree = BUILT_PRODUCTS_DIR; };
		49659B2D1FA0F0CC00543D1C /* AppDelegate.swift */ = {isa = PBXFileReference; lastKnownFileType = sourcecode.swift; path = AppDelegate.swift; sourceTree = "<group>"; };
		49659B321FA0F0CC00543D1C /* Base */ = {isa = PBXFileReference; lastKnownFileType = file.storyboard; name = Base; path = Base.lproj/Main.storyboard; sourceTree = "<group>"; };
		49659B341FA0F0CC00543D1C /* Assets.xcassets */ = {isa = PBXFileReference; lastKnownFileType = folder.assetcatalog; path = Assets.xcassets; sourceTree = "<group>"; };
		49659B371FA0F0CC00543D1C /* Base */ = {isa = PBXFileReference; lastKnownFileType = file.storyboard; name = Base; path = Base.lproj/LaunchScreen.storyboard; sourceTree = "<group>"; };
		49659B391FA0F0CC00543D1C /* Info.plist */ = {isa = PBXFileReference; lastKnownFileType = text.plist.xml; path = Info.plist; sourceTree = "<group>"; };
		49659B471FA0F1E700543D1C /* RajaColours.swift */ = {isa = PBXFileReference; lastKnownFileType = sourcecode.swift; path = RajaColours.swift; sourceTree = "<group>"; };
		49659B481FA0F1F800543D1C /* UIViewExtension.swift */ = {isa = PBXFileReference; lastKnownFileType = sourcecode.swift; path = UIViewExtension.swift; sourceTree = "<group>"; };
		49659B491FA0F20600543D1C /* CachingKeys.swift */ = {isa = PBXFileReference; lastKnownFileType = sourcecode.swift; path = CachingKeys.swift; sourceTree = "<group>"; };
		49A2DFCE1FA1067E00DC2C2A /* RajaTec-Bridging-Header.h */ = {isa = PBXFileReference; lastKnownFileType = sourcecode.c.h; path = "RajaTec-Bridging-Header.h"; sourceTree = "<group>"; };
		49A2DFCF1FA1067F00DC2C2A /* SWRevealViewController.h */ = {isa = PBXFileReference; lastKnownFileType = sourcecode.c.h; path = SWRevealViewController.h; sourceTree = "<group>"; };
		49A2DFD01FA1067F00DC2C2A /* SWRevealViewController.m */ = {isa = PBXFileReference; lastKnownFileType = sourcecode.c.objc; path = SWRevealViewController.m; sourceTree = "<group>"; };
		49A2DFD11FA1079F00DC2C2A /* Connection.swift */ = {isa = PBXFileReference; lastKnownFileType = sourcecode.swift; path = Connection.swift; sourceTree = "<group>"; };
		49A2DFD21FA1079F00DC2C2A /* ConnectionDelegates.swift */ = {isa = PBXFileReference; lastKnownFileType = sourcecode.swift; path = ConnectionDelegates.swift; sourceTree = "<group>"; };
		49A2DFD31FA1079F00DC2C2A /* APIEndPoints.swift */ = {isa = PBXFileReference; lastKnownFileType = sourcecode.swift; path = APIEndPoints.swift; sourceTree = "<group>"; };
		5E5A518C13163D8912EC8452 /* Pods_RajaTec.framework */ = {isa = PBXFileReference; explicitFileType = wrapper.framework; includeInIndex = 0; path = Pods_RajaTec.framework; sourceTree = BUILT_PRODUCTS_DIR; };
		71AB50DC14361F5B77663AAE /* Pods-RajaTec.debug.xcconfig */ = {isa = PBXFileReference; includeInIndex = 1; lastKnownFileType = text.xcconfig; name = "Pods-RajaTec.debug.xcconfig"; path = "Pods/Target Support Files/Pods-RajaTec/Pods-RajaTec.debug.xcconfig"; sourceTree = "<group>"; };
		D55DE94639F4F6696EC32BAC /* Pods-RajaTec.release.xcconfig */ = {isa = PBXFileReference; includeInIndex = 1; lastKnownFileType = text.xcconfig; name = "Pods-RajaTec.release.xcconfig"; path = "Pods/Target Support Files/Pods-RajaTec/Pods-RajaTec.release.xcconfig"; sourceTree = "<group>"; };
/* End PBXFileReference section */

/* Begin PBXFrameworksBuildPhase section */
		49659B271FA0F0CC00543D1C /* Frameworks */ = {
			isa = PBXFrameworksBuildPhase;
			buildActionMask = 2147483647;
			files = (
				9A5B93211139DE01B446F8F2 /* Pods_RajaTec.framework in Frameworks */,
			);
			runOnlyForDeploymentPostprocessing = 0;
		};
/* End PBXFrameworksBuildPhase section */

/* Begin PBXGroup section */
		1949B54AE210505B8BCC879E /* Frameworks */ = {
			isa = PBXGroup;
			children = (
				5E5A518C13163D8912EC8452 /* Pods_RajaTec.framework */,
			);
			name = Frameworks;
			sourceTree = "<group>";
		};
		496461531FA0F7A50004F1BD /* Offers */ = {
			isa = PBXGroup;
			children = (
				4964615A1FA0F7D60004F1BD /* Offer.swift */,
				4964615B1FA0F7D60004F1BD /* Offers.swift */,
			);
			path = Offers;
			sourceTree = "<group>";
		};
		496461541FA0F7AC0004F1BD /* Mobiles */ = {
			isa = PBXGroup;
			children = (
				496461591FA0F7CE0004F1BD /* Mobile.swift */,
				496461581FA0F7CE0004F1BD /* Mobiles.swift */,
			);
			path = Mobiles;
			sourceTree = "<group>";
		};
		496461551FA0F7B20004F1BD /* Accessories */ = {
			isa = PBXGroup;
			children = (
				496461561FA0F7C70004F1BD /* Accessories.swift */,
				496461571FA0F7C70004F1BD /* Accessory.swift */,
			);
			path = Accessories;
			sourceTree = "<group>";
		};
		4964615C1FA0F8540004F1BD /* Controllers */ = {
			isa = PBXGroup;
			children = (
				4964619A1FA100A70004F1BD /* Dashboard */,
				496461901FA0FFC50004F1BD /* SideMenu */,
				4964616D1FA0F9BA0004F1BD /* List */,
				4964615D1FA0F8650004F1BD /* Mobile Detail */,
				496461A31FA1020D0004F1BD /* RootViewController.swift */,
			);
			path = Controllers;
			sourceTree = "<group>";
		};
		4964615D1FA0F8650004F1BD /* Mobile Detail */ = {
			isa = PBXGroup;
			children = (
				4964615E1FA0F8720004F1BD /* Inner Cell */,
				4964616B1FA0F9690004F1BD /* MobileDetailViewController.swift */,
			);
			path = "Mobile Detail";
			sourceTree = "<group>";
		};
		4964615E1FA0F8720004F1BD /* Inner Cell */ = {
			isa = PBXGroup;
			children = (
				4964615F1FA0F8780004F1BD /* Mobile Inner Cells */,
				496461601FA0F87F0004F1BD /* Mobile Gallary Cell */,
			);
			path = "Inner Cell";
			sourceTree = "<group>";
		};
		4964615F1FA0F8780004F1BD /* Mobile Inner Cells */ = {
			isa = PBXGroup;
			children = (
				496461631FA0F9030004F1BD /* MobileDetailTableViewCell.swift */,
				496461641FA0F9030004F1BD /* MobileDetailTableViewCell.xib */,
			);
			path = "Mobile Inner Cells";
			sourceTree = "<group>";
		};
		496461601FA0F87F0004F1BD /* Mobile Gallary Cell */ = {
			isa = PBXGroup;
			children = (
				496461671FA0F92B0004F1BD /* MobileGallaryCollectionViewCell.swift */,
				496461681FA0F92B0004F1BD /* MobileGallaryCollectionViewCell.xib */,
			);
			path = "Mobile Gallary Cell";
			sourceTree = "<group>";
		};
		4964616D1FA0F9BA0004F1BD /* List */ = {
			isa = PBXGroup;
			children = (
				4964616E1FA0F9C90004F1BD /* Item List cells */,
			);
			path = List;
			sourceTree = "<group>";
		};
		4964616E1FA0F9C90004F1BD /* Item List cells */ = {
			isa = PBXGroup;
			children = (
				4964616F1FA0F9CF0004F1BD /* Mobiles Accessories Cell */,
				496461701FA0F9D30004F1BD /* Home Cell */,
				4964618E1FA0FF750004F1BD /* ItemsListViewController.swift */,
			);
			path = "Item List cells";
			sourceTree = "<group>";
		};
		4964616F1FA0F9CF0004F1BD /* Mobiles Accessories Cell */ = {
			isa = PBXGroup;
			children = (
				496461711FA0F9FD0004F1BD /* MobileAccessoriesCollectionViewCell.swift */,
				496461721FA0F9FD0004F1BD /* MobileAccessoriesCollectionViewCell.xib */,
			);
			path = "Mobiles Accessories Cell";
			sourceTree = "<group>";
		};
		496461701FA0F9D30004F1BD /* Home Cell */ = {
			isa = PBXGroup;
			children = (
				496461891FA0FCD30004F1BD /* HomeCollectionViewCell.xib */,
				4964618C1FA0FE570004F1BD /* HomeCollectionViewCell.swift */,
			);
			path = "Home Cell";
			sourceTree = "<group>";
		};
		496461901FA0FFC50004F1BD /* SideMenu */ = {
			isa = PBXGroup;
			children = (
				496461911FA0FFCE0004F1BD /* Side Menu Cell */,
				496461961FA100200004F1BD /* SideMenuViewController.swift */,
			);
			path = SideMenu;
			sourceTree = "<group>";
		};
		496461911FA0FFCE0004F1BD /* Side Menu Cell */ = {
			isa = PBXGroup;
			children = (
				496461921FA0FFE50004F1BD /* ExpandTableViewCell.swift */,
				496461931FA0FFE50004F1BD /* ExpandTableViewCell.xib */,
				496461941FA0FFE50004F1BD /* SideMenuTableViewCell.swift */,
				496461951FA0FFE50004F1BD /* SideMenuTableViewCell.xib */,
			);
			path = "Side Menu Cell";
			sourceTree = "<group>";
		};
		4964619A1FA100A70004F1BD /* Dashboard */ = {
			isa = PBXGroup;
			children = (
				4964619B1FA100AD0004F1BD /* Bottom Bar Cell */,
				4964619F1FA100ED0004F1BD /* HomeDashboardViewController.swift */,
			);
			path = Dashboard;
			sourceTree = "<group>";
		};
		4964619B1FA100AD0004F1BD /* Bottom Bar Cell */ = {
			isa = PBXGroup;
			children = (
				4964619C1FA100BF0004F1BD /* BottomBarCollectionViewCell.swift */,
				4964619D1FA100BF0004F1BD /* BottomBarCollectionViewCell.xib */,
			);
			path = "Bottom Bar Cell";
			sourceTree = "<group>";
		};
		49659B211FA0F0CC00543D1C = {
			isa = PBXGroup;
			children = (
				49659B2C1FA0F0CC00543D1C /* RajaTec */,
				49659B2B1FA0F0CC00543D1C /* Products */,
				7749B3467290325264383D00 /* Pods */,
				1949B54AE210505B8BCC879E /* Frameworks */,
			);
			sourceTree = "<group>";
		};
		49659B2B1FA0F0CC00543D1C /* Products */ = {
			isa = PBXGroup;
			children = (
				49659B2A1FA0F0CC00543D1C /* RajaTec.app */,
			);
			name = Products;
			sourceTree = "<group>";
		};
		49659B2C1FA0F0CC00543D1C /* RajaTec */ = {
			isa = PBXGroup;
			children = (
				49A2DFCD1FA1066700DC2C2A /* SWRevealViewController */,
				49659B421FA0F18200543D1C /* Utilities */,
				49659B411FA0F17500543D1C /* Connection */,
				49659B401FA0F16E00543D1C /* Models */,
				49659B3F1FA0F16600543D1C /* Views */,
				4964615C1FA0F8540004F1BD /* Controllers */,
				49659B2D1FA0F0CC00543D1C /* AppDelegate.swift */,
				49659B311FA0F0CC00543D1C /* Main.storyboard */,
				49659B341FA0F0CC00543D1C /* Assets.xcassets */,
				49659B361FA0F0CC00543D1C /* LaunchScreen.storyboard */,
				49659B391FA0F0CC00543D1C /* Info.plist */,
			);
			path = RajaTec;
			sourceTree = "<group>";
		};
		49659B3F1FA0F16600543D1C /* Views */ = {
			isa = PBXGroup;
			children = (
			);
			path = Views;
			sourceTree = "<group>";
		};
		49659B401FA0F16E00543D1C /* Models */ = {
			isa = PBXGroup;
			children = (
				496461551FA0F7B20004F1BD /* Accessories */,
				496461541FA0F7AC0004F1BD /* Mobiles */,
				496461531FA0F7A50004F1BD /* Offers */,
			);
			path = Models;
			sourceTree = "<group>";
		};
		49659B411FA0F17500543D1C /* Connection */ = {
			isa = PBXGroup;
			children = (
				49A2DFD31FA1079F00DC2C2A /* APIEndPoints.swift */,
				49A2DFD11FA1079F00DC2C2A /* Connection.swift */,
				49A2DFD21FA1079F00DC2C2A /* ConnectionDelegates.swift */,
			);
			path = Connection;
			sourceTree = "<group>";
		};
		49659B421FA0F18200543D1C /* Utilities */ = {
			isa = PBXGroup;
			children = (
				49659B461FA0F1B300543D1C /* Library */,
				49659B451FA0F1A800543D1C /* Colors */,
				49659B441FA0F1A200543D1C /* Extension */,
				49659B431FA0F18C00543D1C /* Constant */,
			);
			path = Utilities;
			sourceTree = "<group>";
		};
		49659B431FA0F18C00543D1C /* Constant */ = {
			isa = PBXGroup;
			children = (
				49659B491FA0F20600543D1C /* CachingKeys.swift */,
			);
			path = Constant;
			sourceTree = "<group>";
		};
		49659B441FA0F1A200543D1C /* Extension */ = {
			isa = PBXGroup;
			children = (
				49659B481FA0F1F800543D1C /* UIViewExtension.swift */,
			);
			path = Extension;
			sourceTree = "<group>";
		};
		49659B451FA0F1A800543D1C /* Colors */ = {
			isa = PBXGroup;
			children = (
				49659B471FA0F1E700543D1C /* RajaColours.swift */,
			);
			path = Colors;
			sourceTree = "<group>";
		};
		49659B461FA0F1B300543D1C /* Library */ = {
			isa = PBXGroup;
			children = (
			);
			path = Library;
			sourceTree = "<group>";
		};
		49A2DFCD1FA1066700DC2C2A /* SWRevealViewController */ = {
			isa = PBXGroup;
			children = (
				49A2DFCF1FA1067F00DC2C2A /* SWRevealViewController.h */,
				49A2DFD01FA1067F00DC2C2A /* SWRevealViewController.m */,
				49A2DFCE1FA1067E00DC2C2A /* RajaTec-Bridging-Header.h */,
			);
			path = SWRevealViewController;
			sourceTree = "<group>";
		};
		7749B3467290325264383D00 /* Pods */ = {
			isa = PBXGroup;
			children = (
				71AB50DC14361F5B77663AAE /* Pods-RajaTec.debug.xcconfig */,
				D55DE94639F4F6696EC32BAC /* Pods-RajaTec.release.xcconfig */,
			);
			name = Pods;
			sourceTree = "<group>";
		};
/* End PBXGroup section */

/* Begin PBXNativeTarget section */
		49659B291FA0F0CC00543D1C /* RajaTec */ = {
			isa = PBXNativeTarget;
			buildConfigurationList = 49659B3C1FA0F0CC00543D1C /* Build configuration list for PBXNativeTarget "RajaTec" */;
			buildPhases = (
				346FDDEA9DF296B00BE5A8CA /* [CP] Check Pods Manifest.lock */,
				49659B261FA0F0CC00543D1C /* Sources */,
				49659B271FA0F0CC00543D1C /* Frameworks */,
				49659B281FA0F0CC00543D1C /* Resources */,
				065EFF1E516246AEA064D2C4 /* [CP] Embed Pods Frameworks */,
				15FB66F0F8A9D1871337A0B7 /* [CP] Copy Pods Resources */,
			);
			buildRules = (
			);
			dependencies = (
			);
			name = RajaTec;
			productName = RajaTec;
			productReference = 49659B2A1FA0F0CC00543D1C /* RajaTec.app */;
			productType = "com.apple.product-type.application";
		};
/* End PBXNativeTarget section */

/* Begin PBXProject section */
		49659B221FA0F0CC00543D1C /* Project object */ = {
			isa = PBXProject;
			attributes = {
				LastSwiftUpdateCheck = 0900;
				LastUpgradeCheck = 0900;
				ORGANIZATIONNAME = RajaTec;
				TargetAttributes = {
					49659B291FA0F0CC00543D1C = {
						CreatedOnToolsVersion = 9.0;
						LastSwiftMigration = 0900;
						ProvisioningStyle = Automatic;
					};
				};
			};
			buildConfigurationList = 49659B251FA0F0CC00543D1C /* Build configuration list for PBXProject "RajaTec" */;
			compatibilityVersion = "Xcode 8.0";
			developmentRegion = en;
			hasScannedForEncodings = 0;
			knownRegions = (
				en,
				Base,
			);
			mainGroup = 49659B211FA0F0CC00543D1C;
			productRefGroup = 49659B2B1FA0F0CC00543D1C /* Products */;
			projectDirPath = "";
			projectRoot = "";
			targets = (
				49659B291FA0F0CC00543D1C /* RajaTec */,
			);
		};
/* End PBXProject section */

/* Begin PBXResourcesBuildPhase section */
		49659B281FA0F0CC00543D1C /* Resources */ = {
			isa = PBXResourcesBuildPhase;
			buildActionMask = 2147483647;
			files = (
				496461A71FA1025A0004F1BD /* BottomBarCollectionViewCell.xib in Resources */,
				496461A61FA102530004F1BD /* ExpandTableViewCell.xib in Resources */,
				496461A51FA1024D0004F1BD /* SideMenuTableViewCell.xib in Resources */,
				496461661FA0F9030004F1BD /* MobileDetailTableViewCell.xib in Resources */,
				49659B381FA0F0CC00543D1C /* LaunchScreen.storyboard in Resources */,
				4964616A1FA0F92B0004F1BD /* MobileGallaryCollectionViewCell.xib in Resources */,
				49659B351FA0F0CC00543D1C /* Assets.xcassets in Resources */,
				49659B331FA0F0CC00543D1C /* Main.storyboard in Resources */,
				4964618B1FA0FCD30004F1BD /* HomeCollectionViewCell.xib in Resources */,
				496461741FA0F9FD0004F1BD /* MobileAccessoriesCollectionViewCell.xib in Resources */,
			);
			runOnlyForDeploymentPostprocessing = 0;
		};
/* End PBXResourcesBuildPhase section */

/* Begin PBXShellScriptBuildPhase section */
		065EFF1E516246AEA064D2C4 /* [CP] Embed Pods Frameworks */ = {
			isa = PBXShellScriptBuildPhase;
			buildActionMask = 2147483647;
			files = (
			);
			inputPaths = (
				"${SRCROOT}/Pods/Target Support Files/Pods-RajaTec/Pods-RajaTec-frameworks.sh",
				"${BUILT_PRODUCTS_DIR}/Alamofire/Alamofire.framework",
				"${BUILT_PRODUCTS_DIR}/DateToolsSwift/DateToolsSwift.framework",
				"${BUILT_PRODUCTS_DIR}/IQKeyboardManagerSwift/IQKeyboardManagerSwift.framework",
				"${BUILT_PRODUCTS_DIR}/Kingfisher/Kingfisher.framework",
				"${BUILT_PRODUCTS_DIR}/NVActivityIndicatorView/NVActivityIndicatorView.framework",
				"${BUILT_PRODUCTS_DIR}/SwiftEventBus/SwiftEventBus.framework",
				"${BUILT_PRODUCTS_DIR}/SwiftyJSON/SwiftyJSON.framework",
			);
			name = "[CP] Embed Pods Frameworks";
			outputPaths = (
				"${TARGET_BUILD_DIR}/${FRAMEWORKS_FOLDER_PATH}/Alamofire.framework",
				"${TARGET_BUILD_DIR}/${FRAMEWORKS_FOLDER_PATH}/DateToolsSwift.framework",
				"${TARGET_BUILD_DIR}/${FRAMEWORKS_FOLDER_PATH}/IQKeyboardManagerSwift.framework",
				"${TARGET_BUILD_DIR}/${FRAMEWORKS_FOLDER_PATH}/Kingfisher.framework",
				"${TARGET_BUILD_DIR}/${FRAMEWORKS_FOLDER_PATH}/NVActivityIndicatorView.framework",
				"${TARGET_BUILD_DIR}/${FRAMEWORKS_FOLDER_PATH}/SwiftEventBus.framework",
				"${TARGET_BUILD_DIR}/${FRAMEWORKS_FOLDER_PATH}/SwiftyJSON.framework",
			);
			runOnlyForDeploymentPostprocessing = 0;
			shellPath = /bin/sh;
			shellScript = "\"${SRCROOT}/Pods/Target Support Files/Pods-RajaTec/Pods-RajaTec-frameworks.sh\"\n";
			showEnvVarsInLog = 0;
		};
		15FB66F0F8A9D1871337A0B7 /* [CP] Copy Pods Resources */ = {
			isa = PBXShellScriptBuildPhase;
			buildActionMask = 2147483647;
			files = (
			);
			inputPaths = (
			);
			name = "[CP] Copy Pods Resources";
			outputPaths = (
			);
			runOnlyForDeploymentPostprocessing = 0;
			shellPath = /bin/sh;
			shellScript = "\"${SRCROOT}/Pods/Target Support Files/Pods-RajaTec/Pods-RajaTec-resources.sh\"\n";
			showEnvVarsInLog = 0;
		};
		346FDDEA9DF296B00BE5A8CA /* [CP] Check Pods Manifest.lock */ = {
			isa = PBXShellScriptBuildPhase;
			buildActionMask = 2147483647;
			files = (
			);
			inputPaths = (
				"${PODS_PODFILE_DIR_PATH}/Podfile.lock",
				"${PODS_ROOT}/Manifest.lock",
			);
			name = "[CP] Check Pods Manifest.lock";
			outputPaths = (
				"$(DERIVED_FILE_DIR)/Pods-RajaTec-checkManifestLockResult.txt",
			);
			runOnlyForDeploymentPostprocessing = 0;
			shellPath = /bin/sh;
			shellScript = "diff \"${PODS_PODFILE_DIR_PATH}/Podfile.lock\" \"${PODS_ROOT}/Manifest.lock\" > /dev/null\nif [ $? != 0 ] ; then\n    # print error to STDERR\n    echo \"error: The sandbox is not in sync with the Podfile.lock. Run 'pod install' or update your CocoaPods installation.\" >&2\n    exit 1\nfi\n# This output is used by Xcode 'outputs' to avoid re-running this script phase.\necho \"SUCCESS\" > \"${SCRIPT_OUTPUT_FILE_0}\"\n";
			showEnvVarsInLog = 0;
		};
/* End PBXShellScriptBuildPhase section */

/* Begin PBXSourcesBuildPhase section */
		49659B261FA0F0CC00543D1C /* Sources */ = {
			isa = PBXSourcesBuildPhase;
			buildActionMask = 2147483647;
			files = (
				49A2DFD71FA107F600DC2C2A /* SWRevealViewController.h in Sources */,
				49A2DFD81FA107F600DC2C2A /* SWRevealViewController.m in Sources */,
				49A2DFD91FA107F600DC2C2A /* RajaTec-Bridging-Header.h in Sources */,
				49A2DFD41FA107B000DC2C2A /* APIEndPoints.swift in Sources */,
				49A2DFD51FA107B000DC2C2A /* Connection.swift in Sources */,
				49A2DFD61FA107B000DC2C2A /* ConnectionDelegates.swift in Sources */,
				4964619E1FA100C70004F1BD /* BottomBarCollectionViewCell.swift in Sources */,
				496461991FA100720004F1BD /* SideMenuTableViewCell.swift in Sources */,
				496461981FA1006F0004F1BD /* ExpandTableViewCell.swift in Sources */,
				496461781FA0FA6F0004F1BD /* Accessories.swift in Sources */,
				496461791FA0FA6F0004F1BD /* Accessory.swift in Sources */,
				4964617A1FA0FA6F0004F1BD /* Mobile.swift in Sources */,
				4964617B1FA0FA6F0004F1BD /* Mobiles.swift in Sources */,
				4964617C1FA0FA6F0004F1BD /* Offer.swift in Sources */,
				4964617D1FA0FA6F0004F1BD /* Offers.swift in Sources */,
				496461771FA0FA680004F1BD /* CachingKeys.swift in Sources */,
				4964618D1FA0FE570004F1BD /* HomeCollectionViewCell.swift in Sources */,
				4964618F1FA0FF750004F1BD /* ItemsListViewController.swift in Sources */,
				496461761FA0FA650004F1BD /* UIViewExtension.swift in Sources */,
				496461751FA0FA620004F1BD /* RajaColours.swift in Sources */,
				496461A41FA1020D0004F1BD /* RootViewController.swift in Sources */,
				496461651FA0F9030004F1BD /* MobileDetailTableViewCell.swift in Sources */,
				49659B2E1FA0F0CC00543D1C /* AppDelegate.swift in Sources */,
				496461731FA0F9FD0004F1BD /* MobileAccessoriesCollectionViewCell.swift in Sources */,
				496461691FA0F92B0004F1BD /* MobileGallaryCollectionViewCell.swift in Sources */,
				496461971FA100200004F1BD /* SideMenuViewController.swift in Sources */,
				496461A01FA100ED0004F1BD /* HomeDashboardViewController.swift in Sources */,
				4964616C1FA0F9690004F1BD /* MobileDetailViewController.swift in Sources */,
			);
			runOnlyForDeploymentPostprocessing = 0;
		};
/* End PBXSourcesBuildPhase section */

/* Begin PBXVariantGroup section */
		49659B311FA0F0CC00543D1C /* Main.storyboard */ = {
			isa = PBXVariantGroup;
			children = (
				49659B321FA0F0CC00543D1C /* Base */,
			);
			name = Main.storyboard;
			sourceTree = "<group>";
		};
		49659B361FA0F0CC00543D1C /* LaunchScreen.storyboard */ = {
			isa = PBXVariantGroup;
			children = (
				49659B371FA0F0CC00543D1C /* Base */,
			);
			name = LaunchScreen.storyboard;
			sourceTree = "<group>";
		};
/* End PBXVariantGroup section */

/* Begin XCBuildConfiguration section */
		49659B3A1FA0F0CC00543D1C /* Debug */ = {
			isa = XCBuildConfiguration;
			buildSettings = {
				ALWAYS_SEARCH_USER_PATHS = NO;
				CLANG_ANALYZER_NONNULL = YES;
				CLANG_ANALYZER_NUMBER_OBJECT_CONVERSION = YES_AGGRESSIVE;
				CLANG_CXX_LANGUAGE_STANDARD = "gnu++14";
				CLANG_CXX_LIBRARY = "libc++";
				CLANG_ENABLE_MODULES = YES;
				CLANG_ENABLE_OBJC_ARC = YES;
				CLANG_WARN_BLOCK_CAPTURE_AUTORELEASING = YES;
				CLANG_WARN_BOOL_CONVERSION = YES;
				CLANG_WARN_COMMA = YES;
				CLANG_WARN_CONSTANT_CONVERSION = YES;
				CLANG_WARN_DIRECT_OBJC_ISA_USAGE = YES_ERROR;
				CLANG_WARN_DOCUMENTATION_COMMENTS = YES;
				CLANG_WARN_EMPTY_BODY = YES;
				CLANG_WARN_ENUM_CONVERSION = YES;
				CLANG_WARN_INFINITE_RECURSION = YES;
				CLANG_WARN_INT_CONVERSION = YES;
				CLANG_WARN_NON_LITERAL_NULL_CONVERSION = YES;
				CLANG_WARN_OBJC_LITERAL_CONVERSION = YES;
				CLANG_WARN_OBJC_ROOT_CLASS = YES_ERROR;
				CLANG_WARN_RANGE_LOOP_ANALYSIS = YES;
				CLANG_WARN_STRICT_PROTOTYPES = YES;
				CLANG_WARN_SUSPICIOUS_MOVE = YES;
				CLANG_WARN_UNGUARDED_AVAILABILITY = YES_AGGRESSIVE;
				CLANG_WARN_UNREACHABLE_CODE = YES;
				CLANG_WARN__DUPLICATE_METHOD_MATCH = YES;
				CODE_SIGN_IDENTITY = "iPhone Developer";
				COPY_PHASE_STRIP = NO;
				DEBUG_INFORMATION_FORMAT = dwarf;
				ENABLE_STRICT_OBJC_MSGSEND = YES;
				ENABLE_TESTABILITY = YES;
				GCC_C_LANGUAGE_STANDARD = gnu11;
				GCC_DYNAMIC_NO_PIC = NO;
				GCC_NO_COMMON_BLOCKS = YES;
				GCC_OPTIMIZATION_LEVEL = 0;
				GCC_PREPROCESSOR_DEFINITIONS = (
					"DEBUG=1",
					"$(inherited)",
				);
				GCC_WARN_64_TO_32_BIT_CONVERSION = YES;
				GCC_WARN_ABOUT_RETURN_TYPE = YES_ERROR;
				GCC_WARN_UNDECLARED_SELECTOR = YES;
				GCC_WARN_UNINITIALIZED_AUTOS = YES_AGGRESSIVE;
				GCC_WARN_UNUSED_FUNCTION = YES;
				GCC_WARN_UNUSED_VARIABLE = YES;
				IPHONEOS_DEPLOYMENT_TARGET = 10.0;
				MTL_ENABLE_DEBUG_INFO = YES;
				ONLY_ACTIVE_ARCH = YES;
				SDKROOT = iphoneos;
				SWIFT_ACTIVE_COMPILATION_CONDITIONS = DEBUG;
				SWIFT_OPTIMIZATION_LEVEL = "-Onone";
			};
			name = Debug;
		};
		49659B3B1FA0F0CC00543D1C /* Release */ = {
			isa = XCBuildConfiguration;
			buildSettings = {
				ALWAYS_SEARCH_USER_PATHS = NO;
				CLANG_ANALYZER_NONNULL = YES;
				CLANG_ANALYZER_NUMBER_OBJECT_CONVERSION = YES_AGGRESSIVE;
				CLANG_CXX_LANGUAGE_STANDARD = "gnu++14";
				CLANG_CXX_LIBRARY = "libc++";
				CLANG_ENABLE_MODULES = YES;
				CLANG_ENABLE_OBJC_ARC = YES;
				CLANG_WARN_BLOCK_CAPTURE_AUTORELEASING = YES;
				CLANG_WARN_BOOL_CONVERSION = YES;
				CLANG_WARN_COMMA = YES;
				CLANG_WARN_CONSTANT_CONVERSION = YES;
				CLANG_WARN_DIRECT_OBJC_ISA_USAGE = YES_ERROR;
				CLANG_WARN_DOCUMENTATION_COMMENTS = YES;
				CLANG_WARN_EMPTY_BODY = YES;
				CLANG_WARN_ENUM_CONVERSION = YES;
				CLANG_WARN_INFINITE_RECURSION = YES;
				CLANG_WARN_INT_CONVERSION = YES;
				CLANG_WARN_NON_LITERAL_NULL_CONVERSION = YES;
				CLANG_WARN_OBJC_LITERAL_CONVERSION = YES;
				CLANG_WARN_OBJC_ROOT_CLASS = YES_ERROR;
				CLANG_WARN_RANGE_LOOP_ANALYSIS = YES;
				CLANG_WARN_STRICT_PROTOTYPES = YES;
				CLANG_WARN_SUSPICIOUS_MOVE = YES;
				CLANG_WARN_UNGUARDED_AVAILABILITY = YES_AGGRESSIVE;
				CLANG_WARN_UNREACHABLE_CODE = YES;
				CLANG_WARN__DUPLICATE_METHOD_MATCH = YES;
				CODE_SIGN_IDENTITY = "iPhone Developer";
				COPY_PHASE_STRIP = NO;
				DEBUG_INFORMATION_FORMAT = "dwarf-with-dsym";
				ENABLE_NS_ASSERTIONS = NO;
				ENABLE_STRICT_OBJC_MSGSEND = YES;
				GCC_C_LANGUAGE_STANDARD = gnu11;
				GCC_NO_COMMON_BLOCKS = YES;
				GCC_WARN_64_TO_32_BIT_CONVERSION = YES;
				GCC_WARN_ABOUT_RETURN_TYPE = YES_ERROR;
				GCC_WARN_UNDECLARED_SELECTOR = YES;
				GCC_WARN_UNINITIALIZED_AUTOS = YES_AGGRESSIVE;
				GCC_WARN_UNUSED_FUNCTION = YES;
				GCC_WARN_UNUSED_VARIABLE = YES;
				IPHONEOS_DEPLOYMENT_TARGET = 10.0;
				MTL_ENABLE_DEBUG_INFO = NO;
				SDKROOT = iphoneos;
				SWIFT_OPTIMIZATION_LEVEL = "-Owholemodule";
				VALIDATE_PRODUCT = YES;
			};
			name = Release;
		};
		49659B3D1FA0F0CC00543D1C /* Debug */ = {
			isa = XCBuildConfiguration;
			baseConfigurationReference = 71AB50DC14361F5B77663AAE /* Pods-RajaTec.debug.xcconfig */;
			buildSettings = {
				ASSETCATALOG_COMPILER_APPICON_NAME = AppIcon;
				CLANG_ENABLE_MODULES = YES;
				CODE_SIGN_STYLE = Automatic;
				INFOPLIST_FILE = RajaTec/Info.plist;
				IPHONEOS_DEPLOYMENT_TARGET = 10.0;
				LD_RUNPATH_SEARCH_PATHS = "$(inherited) @executable_path/Frameworks";
				PRODUCT_BUNDLE_IDENTIFIER = com.RajaTec.RajaTec.RajaTec;
				PRODUCT_NAME = "$(TARGET_NAME)";
				SWIFT_OBJC_BRIDGING_HEADER = "RajaTec/SWRevealViewController/RajaTec-Bridging-Header.h";
				SWIFT_OPTIMIZATION_LEVEL = "-Onone";
				SWIFT_VERSION = 4.0;
				TARGETED_DEVICE_FAMILY = 1;
			};
			name = Debug;
		};
		49659B3E1FA0F0CC00543D1C /* Release */ = {
			isa = XCBuildConfiguration;
			baseConfigurationReference = D55DE94639F4F6696EC32BAC /* Pods-RajaTec.release.xcconfig */;
			buildSettings = {
				ASSETCATALOG_COMPILER_APPICON_NAME = AppIcon;
				CLANG_ENABLE_MODULES = YES;
				CODE_SIGN_STYLE = Automatic;
				INFOPLIST_FILE = RajaTec/Info.plist;
				IPHONEOS_DEPLOYMENT_TARGET = 10.0;
				LD_RUNPATH_SEARCH_PATHS = "$(inherited) @executable_path/Frameworks";
				PRODUCT_BUNDLE_IDENTIFIER = com.RajaTec.RajaTec.RajaTec;
				PRODUCT_NAME = "$(TARGET_NAME)";
				SWIFT_OBJC_BRIDGING_HEADER = "RajaTec/SWRevealViewController/RajaTec-Bridging-Header.h";
				SWIFT_VERSION = 4.0;
				TARGETED_DEVICE_FAMILY = 1;
			};
			name = Release;
		};
/* End XCBuildConfiguration section */

/* Begin XCConfigurationList section */
		49659B251FA0F0CC00543D1C /* Build configuration list for PBXProject "RajaTec" */ = {
			isa = XCConfigurationList;
			buildConfigurations = (
				49659B3A1FA0F0CC00543D1C /* Debug */,
				49659B3B1FA0F0CC00543D1C /* Release */,
			);
			defaultConfigurationIsVisible = 0;
			defaultConfigurationName = Release;
		};
		49659B3C1FA0F0CC00543D1C /* Build configuration list for PBXNativeTarget "RajaTec" */ = {
			isa = XCConfigurationList;
			buildConfigurations = (
				49659B3D1FA0F0CC00543D1C /* Debug */,
				49659B3E1FA0F0CC00543D1C /* Release */,
			);
			defaultConfigurationIsVisible = 0;
			defaultConfigurationName = Release;
		};
/* End XCConfigurationList section */
	};
	rootObject = 49659B221FA0F0CC00543D1C /* Project object */;
}
